
Microsoft Visual Studio Solution File, Format Version 12.00
# Visual Studio Version 17
VisualStudioVersion = 17.0.31903.59
MinimumVisualStudioVersion = 10.0.40219.1
Project("{2150E333-8FDC-42A3-9474-1A3956D46DE8}") = "src", "src", "{E702C026-5C61-41DD-A5A3-9B9ABB0B4453}"
EndProject
Project("{FAE04EC0-301F-11D3-BF4B-00C04F79EFBC}") = "Domain", "src\Domain\Domain.csproj", "{4ECE58F9-38A2-4048-9EB0-B0DB959B370C}"
EndProject
Project("{2150E333-8FDC-42A3-9474-1A3956D46DE8}") = "Solution Items", "Solution Items", "{7CC0245A-4176-4048-9DDF-B9D30F8A470B}"
	ProjectSection(SolutionItems) = preProject
		.editorconfig = .editorconfig
		.gitignore = .gitignore
		Directory.Build.props = Directory.Build.props
		Directory.Packages.props = Directory.Packages.props
		global.json = global.json
		README.md = README.md
	EndProjectSection
EndProject
Project("{2150E333-8FDC-42A3-9474-1A3956D46DE8}") = "tests", "tests", "{7BFBB7F4-BF98-49FF-A1F7-D8796B71694F}"
EndProject
Project("{FAE04EC0-301F-11D3-BF4B-00C04F79EFBC}") = "Domain.UnitTests", "tests\Domain.UnitTests\Domain.UnitTests.csproj", "{9389127C-5F2B-4C65-A054-B83BE1E2E5FF}"
EndProject
Global
	GlobalSection(SolutionConfigurationPlatforms) = preSolution
		Debug|Any CPU = Debug|Any CPU
		Release|Any CPU = Release|Any CPU
	EndGlobalSection
	GlobalSection(ProjectConfigurationPlatforms) = postSolution
		{4ECE58F9-38A2-4048-9EB0-B0DB959B370C}.Debug|Any CPU.ActiveCfg = Debug|Any CPU
		{4ECE58F9-38A2-4048-9EB0-B0DB959B370C}.Debug|Any CPU.Build.0 = Debug|Any CPU
		{4ECE58F9-38A2-4048-9EB0-B0DB959B370C}.Release|Any CPU.ActiveCfg = Release|Any CPU
		{4ECE58F9-38A2-4048-9EB0-B0DB959B370C}.Release|Any CPU.Build.0 = Release|Any CPU
		{9389127C-5F2B-4C65-A054-B83BE1E2E5FF}.Debug|Any CPU.ActiveCfg = Debug|Any CPU
		{9389127C-5F2B-4C65-A054-B83BE1E2E5FF}.Debug|Any CPU.Build.0 = Debug|Any CPU
		{9389127C-5F2B-4C65-A054-B83BE1E2E5FF}.Release|Any CPU.ActiveCfg = Release|Any CPU
		{9389127C-5F2B-4C65-A054-B83BE1E2E5FF}.Release|Any CPU.Build.0 = Release|Any CPU
	EndGlobalSection
	GlobalSection(SolutionProperties) = preSolution
		HideSolutionNode = FALSE
	EndGlobalSection
	GlobalSection(NestedProjects) = preSolution
		{4ECE58F9-38A2-4048-9EB0-B0DB959B370C} = {E702C026-5C61-41DD-A5A3-9B9ABB0B4453}
		{9389127C-5F2B-4C65-A054-B83BE1E2E5FF} = {7BFBB7F4-BF98-49FF-A1F7-D8796B71694F}
	EndGlobalSection
	GlobalSection(ExtensibilityGlobals) = postSolution
		SolutionGuid = {1CA2630A-4A4B-4428-B25A-FDB8FB29A318}
	EndGlobalSection
EndGlobal
